
Microsoft Visual Studio Solution File, Format Version 12.00
# Visual Studio 15
VisualStudioVersion = 15.0.28307.779
MinimumVisualStudioVersion = 10.0.40219.1
Project("{FAE04EC0-301F-11D3-BF4B-00C04F79EFBC}") = "WindowsFormsApp19", "WindowsFormsApp19\WindowsFormsApp19.csproj", "{DAE40EB4-0C1B-40DF-B60F-FA5D4608C126}"
EndProject
Global
	GlobalSection(SolutionConfigurationPlatforms) = preSolution
		Debug|Any CPU = Debug|Any CPU
		Release|Any CPU = Release|Any CPU
	EndGlobalSection
	GlobalSection(ProjectConfigurationPlatforms) = postSolution
		{DAE40EB4-0C1B-40DF-B60F-FA5D4608C126}.Debug|Any CPU.ActiveCfg = Debug|Any CPU
		{DAE40EB4-0C1B-40DF-B60F-FA5D4608C126}.Debug|Any CPU.Build.0 = Debug|Any CPU
		{DAE40EB4-0C1B-40DF-B60F-FA5D4608C126}.Release|Any CPU.ActiveCfg = Release|Any CPU
		{DAE40EB4-0C1B-40DF-B60F-FA5D4608C126}.Release|Any CPU.Build.0 = Release|Any CPU
	EndGlobalSection
	GlobalSection(SolutionProperties) = preSolution
		HideSolutionNode = FALSE
	EndGlobalSection
	GlobalSection(ExtensibilityGlobals) = postSolution
		SolutionGuid = {0AFAEA92-7166-4F4E-9FB0-EFAD37A65C7F}
	EndGlobalSection
EndGlobal
